# THIS IS AN AUTOGENERATED FILE. DO NOT EDIT THIS FILE DIRECTLY.
# yarn lockfile v1


"@kacper-wisniewski/get-random-id@^1.0.0":
  version "1.0.0"
  resolved "https://registry.yarnpkg.com/@kacper-wisniewski/get-random-id/-/get-random-id-1.0.0.tgz#c8e824c3144bda6aab26a59c7c2268a536852927"
  integrity sha512-Q89gRjMPaO9vN7EtZN9VaT5XvcnrrcJuGwKcNjor+dV9GetLqZ6tYHSOMFAjkVwXl9ttsDejr0qkwzkG51Edbg==
